
Microsoft Visual Studio Solution File, Format Version 12.00
# Visual Studio Version 17
VisualStudioVersion = 17.3.32922.545
MinimumVisualStudioVersion = 10.0.40219.1
Project("{9A19103F-16F7-4668-BE54-9A1E7A4F7556}") = "AcmeAPI", "ACME\AcmeAPI.csproj", "{A24A4369-C06A-4BD1-AC0D-53BF496EAEA3}"
EndProject
Project("{2150E333-8FDC-42A3-9474-1A3956D46DE8}") = "API", "API", "{71CC9AA7-1EE5-4E0E-A6D4-C9E624D88297}"
EndProject
Project("{2150E333-8FDC-42A3-9474-1A3956D46DE8}") = "BusinessLogic", "BusinessLogic", "{100D3117-B246-4C16-9A53-D27D0B81F8F4}"
EndProject
Project("{2150E333-8FDC-42A3-9474-1A3956D46DE8}") = "DataLayer", "DataLayer", "{D183F243-6887-4585-8035-A7553BC97A7E}"
EndProject
Project("{2150E333-8FDC-42A3-9474-1A3956D46DE8}") = "Helpers", "Helpers", "{707038B0-288F-4C86-9A81-EAE38476C05B}"
EndProject
Project("{2150E333-8FDC-42A3-9474-1A3956D46DE8}") = "Models", "Models", "{7B360D85-59EA-4FB6-8A3D-526609F422AC}"
EndProject
Project("{2150E333-8FDC-42A3-9474-1A3956D46DE8}") = "Website.UI", "Website.UI", "{BBD97451-992D-49B4-A544-D1600136FCF2}"
EndProject
Project("{2150E333-8FDC-42A3-9474-1A3956D46DE8}") = "UnitTests", "UnitTests", "{1E053A35-6E8E-45FF-BBE1-D5C71106A548}"
EndProject
Project("{9A19103F-16F7-4668-BE54-9A1E7A4F7556}") = "BusinessServices", "BusinessServices\BusinessServices.csproj", "{F572A3F7-21F9-4DAE-A2F3-D97FA104D450}"
EndProject
Project("{9A19103F-16F7-4668-BE54-9A1E7A4F7556}") = "IBusinessServices", "IBusinessServices\IBusinessServices.csproj", "{F10541A5-33B5-4A91-A88F-95A9892B47C7}"
EndProject
Project("{9A19103F-16F7-4668-BE54-9A1E7A4F7556}") = "Acme.Data", "Acme.Data\Acme.Data.csproj", "{836CA312-F6E7-4600-B7C3-DEE6EF985B62}"
EndProject
Project("{9A19103F-16F7-4668-BE54-9A1E7A4F7556}") = "Helpers", "Helpers\Helpers.csproj", "{A5E2EED5-D32C-4D6A-86DD-90E6942C815E}"
EndProject
Project("{9A19103F-16F7-4668-BE54-9A1E7A4F7556}") = "Models", "Models\Models.csproj", "{061D1868-A464-4E3E-AC39-F6CD6A00B175}"
EndProject
Project("{FAE04EC0-301F-11D3-BF4B-00C04F79EFBC}") = "Web.UI", "Web.UI\Web.UI.csproj", "{82BC6DFE-59FE-421B-A217-6DC7CC038371}"
EndProject
Project("{FAE04EC0-301F-11D3-BF4B-00C04F79EFBC}") = "Models.UI", "Models.UI\Models.UI.csproj", "{B002133C-D856-49E0-964E-116F6C888B5B}"
EndProject
Project("{FAE04EC0-301F-11D3-BF4B-00C04F79EFBC}") = "AccountTests", "AccountTests\AccountTests.csproj", "{248A4937-E14D-4D19-87B0-2F1A150CBF72}"
EndProject
Project("{FAE04EC0-301F-11D3-BF4B-00C04F79EFBC}") = "EmployeeTests", "EmployeeTests\EmployeeTests.csproj", "{971ACA7E-F61B-404C-A1BC-11CA9A27034D}"
EndProject
Global
	GlobalSection(SolutionConfigurationPlatforms) = preSolution
		Debug|Any CPU = Debug|Any CPU
		Release|Any CPU = Release|Any CPU
	EndGlobalSection
	GlobalSection(ProjectConfigurationPlatforms) = postSolution
		{A24A4369-C06A-4BD1-AC0D-53BF496EAEA3}.Debug|Any CPU.ActiveCfg = Debug|Any CPU
		{A24A4369-C06A-4BD1-AC0D-53BF496EAEA3}.Debug|Any CPU.Build.0 = Debug|Any CPU
		{A24A4369-C06A-4BD1-AC0D-53BF496EAEA3}.Release|Any CPU.ActiveCfg = Release|Any CPU
		{A24A4369-C06A-4BD1-AC0D-53BF496EAEA3}.Release|Any CPU.Build.0 = Release|Any CPU
		{F572A3F7-21F9-4DAE-A2F3-D97FA104D450}.Debug|Any CPU.ActiveCfg = Debug|Any CPU
		{F572A3F7-21F9-4DAE-A2F3-D97FA104D450}.Debug|Any CPU.Build.0 = Debug|Any CPU
		{F572A3F7-21F9-4DAE-A2F3-D97FA104D450}.Release|Any CPU.ActiveCfg = Release|Any CPU
		{F572A3F7-21F9-4DAE-A2F3-D97FA104D450}.Release|Any CPU.Build.0 = Release|Any CPU
		{F10541A5-33B5-4A91-A88F-95A9892B47C7}.Debug|Any CPU.ActiveCfg = Debug|Any CPU
		{F10541A5-33B5-4A91-A88F-95A9892B47C7}.Debug|Any CPU.Build.0 = Debug|Any CPU
		{F10541A5-33B5-4A91-A88F-95A9892B47C7}.Release|Any CPU.ActiveCfg = Release|Any CPU
		{F10541A5-33B5-4A91-A88F-95A9892B47C7}.Release|Any CPU.Build.0 = Release|Any CPU
		{836CA312-F6E7-4600-B7C3-DEE6EF985B62}.Debug|Any CPU.ActiveCfg = Debug|Any CPU
		{836CA312-F6E7-4600-B7C3-DEE6EF985B62}.Debug|Any CPU.Build.0 = Debug|Any CPU
		{836CA312-F6E7-4600-B7C3-DEE6EF985B62}.Release|Any CPU.ActiveCfg = Release|Any CPU
		{836CA312-F6E7-4600-B7C3-DEE6EF985B62}.Release|Any CPU.Build.0 = Release|Any CPU
		{A5E2EED5-D32C-4D6A-86DD-90E6942C815E}.Debug|Any CPU.ActiveCfg = Debug|Any CPU
		{A5E2EED5-D32C-4D6A-86DD-90E6942C815E}.Debug|Any CPU.Build.0 = Debug|Any CPU
		{A5E2EED5-D32C-4D6A-86DD-90E6942C815E}.Release|Any CPU.ActiveCfg = Release|Any CPU
		{A5E2EED5-D32C-4D6A-86DD-90E6942C815E}.Release|Any CPU.Build.0 = Release|Any CPU
		{061D1868-A464-4E3E-AC39-F6CD6A00B175}.Debug|Any CPU.ActiveCfg = Debug|Any CPU
		{061D1868-A464-4E3E-AC39-F6CD6A00B175}.Debug|Any CPU.Build.0 = Debug|Any CPU
		{061D1868-A464-4E3E-AC39-F6CD6A00B175}.Release|Any CPU.ActiveCfg = Release|Any CPU
		{061D1868-A464-4E3E-AC39-F6CD6A00B175}.Release|Any CPU.Build.0 = Release|Any CPU
		{82BC6DFE-59FE-421B-A217-6DC7CC038371}.Debug|Any CPU.ActiveCfg = Debug|Any CPU
		{82BC6DFE-59FE-421B-A217-6DC7CC038371}.Debug|Any CPU.Build.0 = Debug|Any CPU
		{82BC6DFE-59FE-421B-A217-6DC7CC038371}.Release|Any CPU.ActiveCfg = Release|Any CPU
		{82BC6DFE-59FE-421B-A217-6DC7CC038371}.Release|Any CPU.Build.0 = Release|Any CPU
		{B002133C-D856-49E0-964E-116F6C888B5B}.Debug|Any CPU.ActiveCfg = Debug|Any CPU
		{B002133C-D856-49E0-964E-116F6C888B5B}.Debug|Any CPU.Build.0 = Debug|Any CPU
		{B002133C-D856-49E0-964E-116F6C888B5B}.Release|Any CPU.ActiveCfg = Release|Any CPU
		{B002133C-D856-49E0-964E-116F6C888B5B}.Release|Any CPU.Build.0 = Release|Any CPU
		{248A4937-E14D-4D19-87B0-2F1A150CBF72}.Debug|Any CPU.ActiveCfg = Debug|Any CPU
		{248A4937-E14D-4D19-87B0-2F1A150CBF72}.Debug|Any CPU.Build.0 = Debug|Any CPU
		{248A4937-E14D-4D19-87B0-2F1A150CBF72}.Release|Any CPU.ActiveCfg = Release|Any CPU
		{248A4937-E14D-4D19-87B0-2F1A150CBF72}.Release|Any CPU.Build.0 = Release|Any CPU
		{971ACA7E-F61B-404C-A1BC-11CA9A27034D}.Debug|Any CPU.ActiveCfg = Debug|Any CPU
		{971ACA7E-F61B-404C-A1BC-11CA9A27034D}.Debug|Any CPU.Build.0 = Debug|Any CPU
		{971ACA7E-F61B-404C-A1BC-11CA9A27034D}.Release|Any CPU.ActiveCfg = Release|Any CPU
		{971ACA7E-F61B-404C-A1BC-11CA9A27034D}.Release|Any CPU.Build.0 = Release|Any CPU
	EndGlobalSection
	GlobalSection(SolutionProperties) = preSolution
		HideSolutionNode = FALSE
	EndGlobalSection
	GlobalSection(NestedProjects) = preSolution
		{A24A4369-C06A-4BD1-AC0D-53BF496EAEA3} = {71CC9AA7-1EE5-4E0E-A6D4-C9E624D88297}
		{F572A3F7-21F9-4DAE-A2F3-D97FA104D450} = {100D3117-B246-4C16-9A53-D27D0B81F8F4}
		{F10541A5-33B5-4A91-A88F-95A9892B47C7} = {100D3117-B246-4C16-9A53-D27D0B81F8F4}
		{836CA312-F6E7-4600-B7C3-DEE6EF985B62} = {D183F243-6887-4585-8035-A7553BC97A7E}
		{A5E2EED5-D32C-4D6A-86DD-90E6942C815E} = {707038B0-288F-4C86-9A81-EAE38476C05B}
		{061D1868-A464-4E3E-AC39-F6CD6A00B175} = {7B360D85-59EA-4FB6-8A3D-526609F422AC}
		{82BC6DFE-59FE-421B-A217-6DC7CC038371} = {BBD97451-992D-49B4-A544-D1600136FCF2}
		{B002133C-D856-49E0-964E-116F6C888B5B} = {BBD97451-992D-49B4-A544-D1600136FCF2}
		{248A4937-E14D-4D19-87B0-2F1A150CBF72} = {1E053A35-6E8E-45FF-BBE1-D5C71106A548}
		{971ACA7E-F61B-404C-A1BC-11CA9A27034D} = {1E053A35-6E8E-45FF-BBE1-D5C71106A548}
	EndGlobalSection
	GlobalSection(ExtensibilityGlobals) = postSolution
		SolutionGuid = {BB8568F4-D4F5-49B7-895D-53C68EB51C71}
	EndGlobalSection
EndGlobal
